apiVersion: v1
kind: PersistentVolume
metadata:
  name: example-local-pv-block
spec:
  capacity:
    storage: 500M
  volumeMode: Block
  accessModes:
  - ReadWriteOnce
  persistentVolumeReclaimPolicy: Retain
  storageClassName: local-storage
  local:
    path: <block_device>
  nodeAffinity:
    required:
      nodeSelectorTerms:
      - matchExpressions:
        - key: kubernetes.io/hostname
          operator: In
          values:
          - <host-name>
